Microsoft Visual Studio Solution File, Format Version 11.00
# Visual Studio 2010
Project("{8BC9CEB8-8B4A-11D0-8D11-00A0C91BC942}") = "xStl", "..\xStl\xStl.vcxproj", "{7E3F7378-91A7-47EB-8A3D-EFEFF99096E0}"
EndProject
Project("{8BC9CEB8-8B4A-11D0-8D11-00A0C91BC942}") = "Tdump", "tools\tdump\Tdump.vcxproj", "{56583A79-CCB9-418A-B22F-1BAC7D1D4760}"
	ProjectSection(ProjectDependencies) = postProject
		{00017478-91A7-47FB-8F3D-7FE3F99096E1} = {00017478-91A7-47FB-8F3D-7FE3F99096E1}
		{22117478-1FA7-47FB-8F3D-7FE3F99096E1} = {22117478-1FA7-47FB-8F3D-7FE3F99096E1}
	EndProjectSection
EndProject
Project("{8BC9CEB8-8B4A-11D0-8D11-00A0C91BC942}") = "clr_compiler", "compiler\clr_compiler.vcxproj", "{00017478-91A7-47FB-8F3D-7FE3F99096E1}"
EndProject
Project("{8BC9CEB8-8B4A-11D0-8D11-00A0C91BC942}") = "clr_data", "data\clr_data.vcxproj", "{2E3F7228-91A7-47FB-8F3D-7FE3F99096E1}"
EndProject
Project("{8BC9CEB8-8B4A-11D0-8D11-00A0C91BC942}") = "clr_executer", "executer\clr_executer.vcxproj", "{22117478-1FA7-47FB-8F3D-7FE3F99096E1}"
EndProject
Project("{8BC9CEB8-8B4A-11D0-8D11-00A0C91BC942}") = "clr_format", "format\clr_format.vcxproj", "{1E3F7478-92B7-47FB-8F3D-7FE3F99096E1}"
EndProject
Project("{8BC9CEB8-8B4A-11D0-8D11-00A0C91BC942}") = "clr_runnable", "runnable\clr_runnable.vcxproj", "{5E3F7478-91A7-47FB-8F3D-7FE3F99096E1}"
EndProject
Project("{8BC9CEB8-8B4A-11D0-8D11-00A0C91BC942}") = "Dismount", "..\dismount\Dismount.vcxproj", "{AE3F7378-91A7-47FB-8F3D-7FE3F99096E1}"
EndProject
Project("{8BC9CEB8-8B4A-11D0-8D11-00A0C91BC942}") = "clr_console", "console\clr_console.vcxproj", "{46583A79-CCB9-419A-B22F-1BAC7D1D4760}"
	ProjectSection(ProjectDependencies) = postProject
		{7E3F7378-91A7-47EB-8A3D-EFEFF66196E1} = {7E3F7378-91A7-47EB-8A3D-EFEFF66196E1}
	EndProjectSection
EndProject
Project("{8BC9CEB8-8B4A-11D0-8D11-00A0C91BC942}") = "elfLib", "..\elf\elfLib.vcxproj", "{BE3F7378-91A7-47FB-8F3D-7FE3F99096E1}"
EndProject
Project("{8BC9CEB8-8B4A-11D0-8D11-00A0C91BC942}") = "peLib", "..\pe\peLib.vcxproj", "{7E3F7378-91A7-47EB-8A3D-EFEFF66196E1}"
EndProject
Global
	GlobalSection(SolutionConfigurationPlatforms) = preSolution
		Debug|Win32 = Debug|Win32
		Debug|x64 = Debug|x64
		Release|Win32 = Release|Win32
		Release|x64 = Release|x64
	EndGlobalSection
	GlobalSection(ProjectConfigurationPlatforms) = postSolution
		{7E3F7378-91A7-47EB-8A3D-EFEFF99096E0}.Debug|Win32.ActiveCfg = Debug|Win32
		{7E3F7378-91A7-47EB-8A3D-EFEFF99096E0}.Debug|Win32.Build.0 = Debug|Win32
		{7E3F7378-91A7-47EB-8A3D-EFEFF99096E0}.Debug|x64.ActiveCfg = Debug|x64
		{7E3F7378-91A7-47EB-8A3D-EFEFF99096E0}.Debug|x64.Build.0 = Debug|x64
		{7E3F7378-91A7-47EB-8A3D-EFEFF99096E0}.Release|Win32.ActiveCfg = Release|Win32
		{7E3F7378-91A7-47EB-8A3D-EFEFF99096E0}.Release|Win32.Build.0 = Release|Win32
		{7E3F7378-91A7-47EB-8A3D-EFEFF99096E0}.Release|x64.ActiveCfg = Release|x64
		{7E3F7378-91A7-47EB-8A3D-EFEFF99096E0}.Release|x64.Build.0 = Release|x64
		{56583A79-CCB9-418A-B22F-1BAC7D1D4760}.Debug|Win32.ActiveCfg = Debug|Win32
		{56583A79-CCB9-418A-B22F-1BAC7D1D4760}.Debug|Win32.Build.0 = Debug|Win32
		{56583A79-CCB9-418A-B22F-1BAC7D1D4760}.Debug|x64.ActiveCfg = Debug|x64
		{56583A79-CCB9-418A-B22F-1BAC7D1D4760}.Debug|x64.Build.0 = Debug|x64
		{56583A79-CCB9-418A-B22F-1BAC7D1D4760}.Release|Win32.ActiveCfg = Release|Win32
		{56583A79-CCB9-418A-B22F-1BAC7D1D4760}.Release|Win32.Build.0 = Release|Win32
		{56583A79-CCB9-418A-B22F-1BAC7D1D4760}.Release|x64.ActiveCfg = Release|x64
		{56583A79-CCB9-418A-B22F-1BAC7D1D4760}.Release|x64.Build.0 = Release|x64
		{00017478-91A7-47FB-8F3D-7FE3F99096E1}.Debug|Win32.ActiveCfg = Debug|Win32
		{00017478-91A7-47FB-8F3D-7FE3F99096E1}.Debug|Win32.Build.0 = Debug|Win32
		{00017478-91A7-47FB-8F3D-7FE3F99096E1}.Debug|x64.ActiveCfg = Debug|x64
		{00017478-91A7-47FB-8F3D-7FE3F99096E1}.Debug|x64.Build.0 = Debug|x64
		{00017478-91A7-47FB-8F3D-7FE3F99096E1}.Release|Win32.ActiveCfg = Release|Win32
		{00017478-91A7-47FB-8F3D-7FE3F99096E1}.Release|Win32.Build.0 = Release|Win32
		{00017478-91A7-47FB-8F3D-7FE3F99096E1}.Release|x64.ActiveCfg = Release|x64
		{00017478-91A7-47FB-8F3D-7FE3F99096E1}.Release|x64.Build.0 = Release|x64
		{2E3F7228-91A7-47FB-8F3D-7FE3F99096E1}.Debug|Win32.ActiveCfg = Debug|Win32
		{2E3F7228-91A7-47FB-8F3D-7FE3F99096E1}.Debug|Win32.Build.0 = Debug|Win32
		{2E3F7228-91A7-47FB-8F3D-7FE3F99096E1}.Debug|x64.ActiveCfg = Debug|x64
		{2E3F7228-91A7-47FB-8F3D-7FE3F99096E1}.Debug|x64.Build.0 = Debug|x64
		{2E3F7228-91A7-47FB-8F3D-7FE3F99096E1}.Release|Win32.ActiveCfg = Release|Win32
		{2E3F7228-91A7-47FB-8F3D-7FE3F99096E1}.Release|Win32.Build.0 = Release|Win32
		{2E3F7228-91A7-47FB-8F3D-7FE3F99096E1}.Release|x64.ActiveCfg = Release|x64
		{2E3F7228-91A7-47FB-8F3D-7FE3F99096E1}.Release|x64.Build.0 = Release|x64
		{22117478-1FA7-47FB-8F3D-7FE3F99096E1}.Debug|Win32.ActiveCfg = Debug|Win32
		{22117478-1FA7-47FB-8F3D-7FE3F99096E1}.Debug|Win32.Build.0 = Debug|Win32
		{22117478-1FA7-47FB-8F3D-7FE3F99096E1}.Debug|x64.ActiveCfg = Debug|x64
		{22117478-1FA7-47FB-8F3D-7FE3F99096E1}.Debug|x64.Build.0 = Debug|x64
		{22117478-1FA7-47FB-8F3D-7FE3F99096E1}.Release|Win32.ActiveCfg = Release|Win32
		{22117478-1FA7-47FB-8F3D-7FE3F99096E1}.Release|Win32.Build.0 = Release|Win32
		{22117478-1FA7-47FB-8F3D-7FE3F99096E1}.Release|x64.ActiveCfg = Release|x64
		{22117478-1FA7-47FB-8F3D-7FE3F99096E1}.Release|x64.Build.0 = Release|x64
		{1E3F7478-92B7-47FB-8F3D-7FE3F99096E1}.Debug|Win32.ActiveCfg = Debug|Win32
		{1E3F7478-92B7-47FB-8F3D-7FE3F99096E1}.Debug|Win32.Build.0 = Debug|Win32
		{1E3F7478-92B7-47FB-8F3D-7FE3F99096E1}.Debug|x64.ActiveCfg = Debug|x64
		{1E3F7478-92B7-47FB-8F3D-7FE3F99096E1}.Debug|x64.Build.0 = Debug|x64
		{1E3F7478-92B7-47FB-8F3D-7FE3F99096E1}.Release|Win32.ActiveCfg = Release|Win32
		{1E3F7478-92B7-47FB-8F3D-7FE3F99096E1}.Release|Win32.Build.0 = Release|Win32
		{1E3F7478-92B7-47FB-8F3D-7FE3F99096E1}.Release|x64.ActiveCfg = Release|x64
		{1E3F7478-92B7-47FB-8F3D-7FE3F99096E1}.Release|x64.Build.0 = Release|x64
		{5E3F7478-91A7-47FB-8F3D-7FE3F99096E1}.Debug|Win32.ActiveCfg = Debug|Win32
		{5E3F7478-91A7-47FB-8F3D-7FE3F99096E1}.Debug|Win32.Build.0 = Debug|Win32
		{5E3F7478-91A7-47FB-8F3D-7FE3F99096E1}.Debug|x64.ActiveCfg = Debug|x64
		{5E3F7478-91A7-47FB-8F3D-7FE3F99096E1}.Debug|x64.Build.0 = Debug|x64
		{5E3F7478-91A7-47FB-8F3D-7FE3F99096E1}.Release|Win32.ActiveCfg = Release|Win32
		{5E3F7478-91A7-47FB-8F3D-7FE3F99096E1}.Release|Win32.Build.0 = Release|Win32
		{5E3F7478-91A7-47FB-8F3D-7FE3F99096E1}.Release|x64.ActiveCfg = Release|x64
		{5E3F7478-91A7-47FB-8F3D-7FE3F99096E1}.Release|x64.Build.0 = Release|x64
		{AE3F7378-91A7-47FB-8F3D-7FE3F99096E1}.Debug|Win32.ActiveCfg = Debug|Win32
		{AE3F7378-91A7-47FB-8F3D-7FE3F99096E1}.Debug|Win32.Build.0 = Debug|Win32
		{AE3F7378-91A7-47FB-8F3D-7FE3F99096E1}.Debug|x64.ActiveCfg = Debug|x64
		{AE3F7378-91A7-47FB-8F3D-7FE3F99096E1}.Debug|x64.Build.0 = Debug|x64
		{AE3F7378-91A7-47FB-8F3D-7FE3F99096E1}.Release|Win32.ActiveCfg = Release|Win32
		{AE3F7378-91A7-47FB-8F3D-7FE3F99096E1}.Release|Win32.Build.0 = Release|Win32
		{AE3F7378-91A7-47FB-8F3D-7FE3F99096E1}.Release|x64.ActiveCfg = Release|x64
		{AE3F7378-91A7-47FB-8F3D-7FE3F99096E1}.Release|x64.Build.0 = Release|x64
		{46583A79-CCB9-419A-B22F-1BAC7D1D4760}.Debug|Win32.ActiveCfg = Debug|Win32
		{46583A79-CCB9-419A-B22F-1BAC7D1D4760}.Debug|Win32.Build.0 = Debug|Win32
		{46583A79-CCB9-419A-B22F-1BAC7D1D4760}.Debug|x64.ActiveCfg = Debug|x64
		{46583A79-CCB9-419A-B22F-1BAC7D1D4760}.Debug|x64.Build.0 = Debug|x64
		{46583A79-CCB9-419A-B22F-1BAC7D1D4760}.Release|Win32.ActiveCfg = Release|Win32
		{46583A79-CCB9-419A-B22F-1BAC7D1D4760}.Release|Win32.Build.0 = Release|Win32
		{46583A79-CCB9-419A-B22F-1BAC7D1D4760}.Release|x64.ActiveCfg = Release|x64
		{46583A79-CCB9-419A-B22F-1BAC7D1D4760}.Release|x64.Build.0 = Release|x64
		{BE3F7378-91A7-47FB-8F3D-7FE3F99096E1}.Debug|Win32.ActiveCfg = Debug|Win32
		{BE3F7378-91A7-47FB-8F3D-7FE3F99096E1}.Debug|Win32.Build.0 = Debug|Win32
		{BE3F7378-91A7-47FB-8F3D-7FE3F99096E1}.Debug|x64.ActiveCfg = Debug|x64
		{BE3F7378-91A7-47FB-8F3D-7FE3F99096E1}.Debug|x64.Build.0 = Debug|x64
		{BE3F7378-91A7-47FB-8F3D-7FE3F99096E1}.Release|Win32.ActiveCfg = Release|Win32
		{BE3F7378-91A7-47FB-8F3D-7FE3F99096E1}.Release|Win32.Build.0 = Release|Win32
		{BE3F7378-91A7-47FB-8F3D-7FE3F99096E1}.Release|x64.ActiveCfg = Release|x64
		{BE3F7378-91A7-47FB-8F3D-7FE3F99096E1}.Release|x64.Build.0 = Release|x64
		{7E3F7378-91A7-47EB-8A3D-EFEFF66196E1}.Debug|Win32.ActiveCfg = Debug|Win32
		{7E3F7378-91A7-47EB-8A3D-EFEFF66196E1}.Debug|Win32.Build.0 = Debug|Win32
		{7E3F7378-91A7-47EB-8A3D-EFEFF66196E1}.Debug|x64.ActiveCfg = Debug|x64
		{7E3F7378-91A7-47EB-8A3D-EFEFF66196E1}.Debug|x64.Build.0 = Debug|x64
		{7E3F7378-91A7-47EB-8A3D-EFEFF66196E1}.Release|Win32.ActiveCfg = Release|Win32
		{7E3F7378-91A7-47EB-8A3D-EFEFF66196E1}.Release|Win32.Build.0 = Release|Win32
		{7E3F7378-91A7-47EB-8A3D-EFEFF66196E1}.Release|x64.ActiveCfg = Release|x64
		{7E3F7378-91A7-47EB-8A3D-EFEFF66196E1}.Release|x64.Build.0 = Release|x64
	EndGlobalSection
	GlobalSection(SolutionProperties) = preSolution
		HideSolutionNode = FALSE
	EndGlobalSection
EndGlobal
