Microsoft Visual Studio Solution File, Format Version 11.00
# Visual C# Express 2010
Project("{FAE04EC0-301F-11D3-BF4B-00C04F79EFBC}") = "TestSimpleTypes1", "TestSimpleTypes1.csproj", "{5E4E7E52-DF76-40C0-BFFC-A6FD6F85E67C}"
EndProject
Project("{FAE04EC0-301F-11D3-BF4B-00C04F79EFBC}") = "TestSimpleTypes2", "..\TestSimpleTypes2\TestSimpleTypes2.csproj", "{9FE25733-2AB8-4C4F-8395-9B22EA909EE6}"
EndProject
Project("{FAE04EC0-301F-11D3-BF4B-00C04F79EFBC}") = "TestSimpleTypes3", "..\TestSimpleTypes3\TestSimpleTypes3.csproj", "{51C8985D-EB0A-4392-BBB6-AA4CCB2015AA}"
EndProject
Project("{FAE04EC0-301F-11D3-BF4B-00C04F79EFBC}") = "TestSimpleTypes4", "..\TestSimpleTypes4\TestSimpleTypes4.csproj", "{5A1E9EC7-A5AD-4CA7-9E71-70EF612C145C}"
EndProject
Global
	GlobalSection(SolutionConfigurationPlatforms) = preSolution
		Debug|Any CPU = Debug|Any CPU
		Release|Any CPU = Release|Any CPU
	EndGlobalSection
	GlobalSection(ProjectConfigurationPlatforms) = postSolution
		{5E4E7E52-DF76-40C0-BFFC-A6FD6F85E67C}.Debug|Any CPU.ActiveCfg = Debug|Any CPU
		{5E4E7E52-DF76-40C0-BFFC-A6FD6F85E67C}.Debug|Any CPU.Build.0 = Debug|Any CPU
		{5E4E7E52-DF76-40C0-BFFC-A6FD6F85E67C}.Release|Any CPU.ActiveCfg = Release|Any CPU
		{5E4E7E52-DF76-40C0-BFFC-A6FD6F85E67C}.Release|Any CPU.Build.0 = Release|Any CPU
		{9FE25733-2AB8-4C4F-8395-9B22EA909EE6}.Debug|Any CPU.ActiveCfg = Debug|Any CPU
		{9FE25733-2AB8-4C4F-8395-9B22EA909EE6}.Debug|Any CPU.Build.0 = Debug|Any CPU
		{9FE25733-2AB8-4C4F-8395-9B22EA909EE6}.Release|Any CPU.ActiveCfg = Release|Any CPU
		{9FE25733-2AB8-4C4F-8395-9B22EA909EE6}.Release|Any CPU.Build.0 = Release|Any CPU
		{51C8985D-EB0A-4392-BBB6-AA4CCB2015AA}.Debug|Any CPU.ActiveCfg = Debug|Any CPU
		{51C8985D-EB0A-4392-BBB6-AA4CCB2015AA}.Debug|Any CPU.Build.0 = Debug|Any CPU
		{51C8985D-EB0A-4392-BBB6-AA4CCB2015AA}.Release|Any CPU.ActiveCfg = Release|Any CPU
		{51C8985D-EB0A-4392-BBB6-AA4CCB2015AA}.Release|Any CPU.Build.0 = Release|Any CPU
		{5A1E9EC7-A5AD-4CA7-9E71-70EF612C145C}.Debug|Any CPU.ActiveCfg = Debug|Any CPU
		{5A1E9EC7-A5AD-4CA7-9E71-70EF612C145C}.Debug|Any CPU.Build.0 = Debug|Any CPU
		{5A1E9EC7-A5AD-4CA7-9E71-70EF612C145C}.Release|Any CPU.ActiveCfg = Release|Any CPU
		{5A1E9EC7-A5AD-4CA7-9E71-70EF612C145C}.Release|Any CPU.Build.0 = Release|Any CPU
	EndGlobalSection
	GlobalSection(SolutionProperties) = preSolution
		HideSolutionNode = FALSE
	EndGlobalSection
EndGlobal
