Microsoft Visual Studio Solution File, Format Version 11.00
# Visual C# Express 2010
Project("{FAE04EC0-301F-11D3-BF4B-00C04F79EFBC}") = "TestSimpleTypes4", "TestSimpleTypes4.csproj", "{5A1E9EC7-A5AD-4CA7-9E71-70EF612C145C}"
EndProject
Global
	GlobalSection(SolutionConfigurationPlatforms) = preSolution
		Debug|Any CPU = Debug|Any CPU
		Release|Any CPU = Release|Any CPU
	EndGlobalSection
	GlobalSection(ProjectConfigurationPlatforms) = postSolution
		{5A1E9EC7-A5AD-4CA7-9E71-70EF612C145C}.Debug|Any CPU.ActiveCfg = Debug|Any CPU
		{5A1E9EC7-A5AD-4CA7-9E71-70EF612C145C}.Debug|Any CPU.Build.0 = Debug|Any CPU
		{5A1E9EC7-A5AD-4CA7-9E71-70EF612C145C}.Release|Any CPU.ActiveCfg = Release|Any CPU
		{5A1E9EC7-A5AD-4CA7-9E71-70EF612C145C}.Release|Any CPU.Build.0 = Release|Any CPU
	EndGlobalSection
	GlobalSection(SolutionProperties) = preSolution
		HideSolutionNode = FALSE
	EndGlobalSection
EndGlobal
